
Microsoft Visual Studio Solution File, Format Version 12.00
# Visual Studio Version 16
VisualStudioVersion = 16.0.33423.256
MinimumVisualStudioVersion = 10.0.40219.1
Project("{FAE04EC0-301F-11D3-BF4B-00C04F79EFBC}") = "dz_4.04", "dz_4.04\dz_4.04.csproj", "{59597693-55ED-42FF-A1F1-6B0889B69F94}"
EndProject
Global
	GlobalSection(SolutionConfigurationPlatforms) = preSolution
		Debug|Any CPU = Debug|Any CPU
		Release|Any CPU = Release|Any CPU
	EndGlobalSection
	GlobalSection(ProjectConfigurationPlatforms) = postSolution
		{59597693-55ED-42FF-A1F1-6B0889B69F94}.Debug|Any CPU.ActiveCfg = Debug|Any CPU
		{59597693-55ED-42FF-A1F1-6B0889B69F94}.Debug|Any CPU.Build.0 = Debug|Any CPU
		{59597693-55ED-42FF-A1F1-6B0889B69F94}.Release|Any CPU.ActiveCfg = Release|Any CPU
		{59597693-55ED-42FF-A1F1-6B0889B69F94}.Release|Any CPU.Build.0 = Release|Any CPU
	EndGlobalSection
	GlobalSection(SolutionProperties) = preSolution
		HideSolutionNode = FALSE
	EndGlobalSection
	GlobalSection(ExtensibilityGlobals) = postSolution
		SolutionGuid = {DF0CA87D-428D-489A-B4FD-A72175F6EE3F}
	EndGlobalSection
EndGlobal
